// !$*UTF8*$!
{
	archiveVersion = 1;
	classes = {
	};
	objectVersion = 56;
	objects = {

/* Begin PBXBuildFile section */
		3E5454262C4B003F00AF0B58 /* StarWarsMatchApp.swift in Sources */ = {isa = PBXBuildFile; fileRef = 3E5454252C4B003F00AF0B58 /* StarWarsMatchApp.swift */; };
		3E5454282C4B003F00AF0B58 /* ContentView.swift in Sources */ = {isa = PBXBuildFile; fileRef = 3E5454272C4B003F00AF0B58 /* ContentView.swift */; };
		3E54542A2C4B004000AF0B58 /* Assets.xcassets in Resources */ = {isa = PBXBuildFile; fileRef = 3E5454292C4B004000AF0B58 /* Assets.xcassets */; };
		3E54542D2C4B004000AF0B58 /* Preview Assets.xcassets in Resources */ = {isa = PBXBuildFile; fileRef = 3E54542C2C4B004000AF0B58 /* Preview Assets.xcassets */; };
		3E5454372C4B004000AF0B58 /* StarWarsMatchTests.swift in Sources */ = {isa = PBXBuildFile; fileRef = 3E5454362C4B004000AF0B58 /* StarWarsMatchTests.swift */; };
		3E5454412C4B004000AF0B58 /* StarWarsMatchUITests.swift in Sources */ = {isa = PBXBuildFile; fileRef = 3E5454402C4B004000AF0B58 /* StarWarsMatchUITests.swift */; };
		3E5454432C4B004000AF0B58 /* StarWarsMatchUITestsLaunchTests.swift in Sources */ = {isa = PBXBuildFile; fileRef = 3E5454422C4B004000AF0B58 /* StarWarsMatchUITestsLaunchTests.swift */; };
		3E5454512C4BB73400AF0B58 /* Card.swift in Sources */ = {isa = PBXBuildFile; fileRef = 3E5454502C4BB73400AF0B58 /* Card.swift */; };
		3E5454562C4BB7C800AF0B58 /* GameViewModel.swift in Sources */ = {isa = PBXBuildFile; fileRef = 3E5454552C4BB7C800AF0B58 /* GameViewModel.swift */; };
		3E5454582C4BBF1600AF0B58 /* GameModel.swift in Sources */ = {isa = PBXBuildFile; fileRef = 3E5454572C4BBF1600AF0B58 /* GameModel.swift */; };
/* End PBXBuildFile section */

/* Begin PBXContainerItemProxy section */
		3E5454332C4B004000AF0B58 /* PBXContainerItemProxy */ = {
			isa = PBXContainerItemProxy;
			containerPortal = 3E54541A2C4B003F00AF0B58 /* Project object */;
			proxyType = 1;
			remoteGlobalIDString = 3E5454212C4B003F00AF0B58;
			remoteInfo = StarWarsMatch;
		};
		3E54543D2C4B004000AF0B58 /* PBXContainerItemProxy */ = {
			isa = PBXContainerItemProxy;
			containerPortal = 3E54541A2C4B003F00AF0B58 /* Project object */;
			proxyType = 1;
			remoteGlobalIDString = 3E5454212C4B003F00AF0B58;
			remoteInfo = StarWarsMatch;
		};
/* End PBXContainerItemProxy section */

/* Begin PBXFileReference section */
		3E5454222C4B003F00AF0B58 /* StarWarsMatch.app */ = {isa = PBXFileReference; explicitFileType = wrapper.application; includeInIndex = 0; path = StarWarsMatch.app; sourceTree = BUILT_PRODUCTS_DIR; };
		3E5454252C4B003F00AF0B58 /* StarWarsMatchApp.swift */ = {isa = PBXFileReference; lastKnownFileType = sourcecode.swift; path = StarWarsMatchApp.swift; sourceTree = "<group>"; };
		3E5454272C4B003F00AF0B58 /* ContentView.swift */ = {isa = PBXFileReference; lastKnownFileType = sourcecode.swift; path = ContentView.swift; sourceTree = "<group>"; };
		3E5454292C4B004000AF0B58 /* Assets.xcassets */ = {isa = PBXFileReference; lastKnownFileType = folder.assetcatalog; path = Assets.xcassets; sourceTree = "<group>"; };
		3E54542C2C4B004000AF0B58 /* Preview Assets.xcassets */ = {isa = PBXFileReference; lastKnownFileType = folder.assetcatalog; path = "Preview Assets.xcassets"; sourceTree = "<group>"; };
		3E5454322C4B004000AF0B58 /* StarWarsMatchTests.xctest */ = {isa = PBXFileReference; explicitFileType = wrapper.cfbundle; includeInIndex = 0; path = StarWarsMatchTests.xctest; sourceTree = BUILT_PRODUCTS_DIR; };
		3E5454362C4B004000AF0B58 /* StarWarsMatchTests.swift */ = {isa = PBXFileReference; lastKnownFileType = sourcecode.swift; path = StarWarsMatchTests.swift; sourceTree = "<group>"; };
		3E54543C2C4B004000AF0B58 /* StarWarsMatchUITests.xctest */ = {isa = PBXFileReference; explicitFileType = wrapper.cfbundle; includeInIndex = 0; path = StarWarsMatchUITests.xctest; sourceTree = BUILT_PRODUCTS_DIR; };
		3E5454402C4B004000AF0B58 /* StarWarsMatchUITests.swift */ = {isa = PBXFileReference; lastKnownFileType = sourcecode.swift; path = StarWarsMatchUITests.swift; sourceTree = "<group>"; };
		3E5454422C4B004000AF0B58 /* StarWarsMatchUITestsLaunchTests.swift */ = {isa = PBXFileReference; lastKnownFileType = sourcecode.swift; path = StarWarsMatchUITestsLaunchTests.swift; sourceTree = "<group>"; };
		3E5454502C4BB73400AF0B58 /* Card.swift */ = {isa = PBXFileReference; lastKnownFileType = sourcecode.swift; path = Card.swift; sourceTree = "<group>"; };
		3E5454552C4BB7C800AF0B58 /* GameViewModel.swift */ = {isa = PBXFileReference; lastKnownFileType = sourcecode.swift; path = GameViewModel.swift; sourceTree = "<group>"; };
		3E5454572C4BBF1600AF0B58 /* GameModel.swift */ = {isa = PBXFileReference; lastKnownFileType = sourcecode.swift; path = GameModel.swift; sourceTree = "<group>"; };
/* End PBXFileReference section */

/* Begin PBXFrameworksBuildPhase section */
		3E54541F2C4B003F00AF0B58 /* Frameworks */ = {
			isa = PBXFrameworksBuildPhase;
			buildActionMask = 2147483647;
			files = (
			);
			runOnlyForDeploymentPostprocessing = 0;
		};
		3E54542F2C4B004000AF0B58 /* Frameworks */ = {
			isa = PBXFrameworksBuildPhase;
			buildActionMask = 2147483647;
			files = (
			);
			runOnlyForDeploymentPostprocessing = 0;
		};
		3E5454392C4B004000AF0B58 /* Frameworks */ = {
			isa = PBXFrameworksBuildPhase;
			buildActionMask = 2147483647;
			files = (
			);
			runOnlyForDeploymentPostprocessing = 0;
		};
/* End PBXFrameworksBuildPhase section */

/* Begin PBXGroup section */
		3E5454192C4B003F00AF0B58 = {
			isa = PBXGroup;
			children = (
				3E5454242C4B003F00AF0B58 /* StarWarsMatch */,
				3E5454352C4B004000AF0B58 /* StarWarsMatchTests */,
				3E54543F2C4B004000AF0B58 /* StarWarsMatchUITests */,
				3E5454232C4B003F00AF0B58 /* Products */,
			);
			sourceTree = "<group>";
		};
		3E5454232C4B003F00AF0B58 /* Products */ = {
			isa = PBXGroup;
			children = (
				3E5454222C4B003F00AF0B58 /* StarWarsMatch.app */,
				3E5454322C4B004000AF0B58 /* StarWarsMatchTests.xctest */,
				3E54543C2C4B004000AF0B58 /* StarWarsMatchUITests.xctest */,
			);
			name = Products;
			sourceTree = "<group>";
		};
		3E5454242C4B003F00AF0B58 /* StarWarsMatch */ = {
			isa = PBXGroup;
			children = (
				3E5454252C4B003F00AF0B58 /* StarWarsMatchApp.swift */,
				3E5454542C4BB75600AF0B58 /* ViewModel */,
				3E5454532C4BB74800AF0B58 /* View */,
				3E54544F2C4BB67400AF0B58 /* Model */,
				3E5454292C4B004000AF0B58 /* Assets.xcassets */,
				3E54542B2C4B004000AF0B58 /* Preview Content */,
			);
			path = StarWarsMatch;
			sourceTree = "<group>";
		};
		3E54542B2C4B004000AF0B58 /* Preview Content */ = {
			isa = PBXGroup;
			children = (
				3E54542C2C4B004000AF0B58 /* Preview Assets.xcassets */,
			);
			path = "Preview Content";
			sourceTree = "<group>";
		};
		3E5454352C4B004000AF0B58 /* StarWarsMatchTests */ = {
			isa = PBXGroup;
			children = (
				3E5454362C4B004000AF0B58 /* StarWarsMatchTests.swift */,
			);
			path = StarWarsMatchTests;
			sourceTree = "<group>";
		};
		3E54543F2C4B004000AF0B58 /* StarWarsMatchUITests */ = {
			isa = PBXGroup;
			children = (
				3E5454402C4B004000AF0B58 /* StarWarsMatchUITests.swift */,
				3E5454422C4B004000AF0B58 /* StarWarsMatchUITestsLaunchTests.swift */,
			);
			path = StarWarsMatchUITests;
			sourceTree = "<group>";
		};
		3E54544F2C4BB67400AF0B58 /* Model */ = {
			isa = PBXGroup;
			children = (
				3E5454502C4BB73400AF0B58 /* Card.swift */,
				3E5454572C4BBF1600AF0B58 /* GameModel.swift */,
			);
			path = Model;
			sourceTree = "<group>";
		};
		3E5454532C4BB74800AF0B58 /* View */ = {
			isa = PBXGroup;
			children = (
				3E5454272C4B003F00AF0B58 /* ContentView.swift */,
			);
			path = View;
			sourceTree = "<group>";
		};
		3E5454542C4BB75600AF0B58 /* ViewModel */ = {
			isa = PBXGroup;
			children = (
				3E5454552C4BB7C800AF0B58 /* GameViewModel.swift */,
			);
			path = ViewModel;
			sourceTree = "<group>";
		};
/* End PBXGroup section */

/* Begin PBXNativeTarget section */
		3E5454212C4B003F00AF0B58 /* StarWarsMatch */ = {
			isa = PBXNativeTarget;
			buildConfigurationList = 3E5454462C4B004000AF0B58 /* Build configuration list for PBXNativeTarget "StarWarsMatch" */;
			buildPhases = (
				3E54541E2C4B003F00AF0B58 /* Sources */,
				3E54541F2C4B003F00AF0B58 /* Frameworks */,
				3E5454202C4B003F00AF0B58 /* Resources */,
			);
			buildRules = (
			);
			dependencies = (
			);
			name = StarWarsMatch;
			productName = StarWarsMatch;
			productReference = 3E5454222C4B003F00AF0B58 /* StarWarsMatch.app */;
			productType = "com.apple.product-type.application";
		};
		3E5454312C4B004000AF0B58 /* StarWarsMatchTests */ = {
			isa = PBXNativeTarget;
			buildConfigurationList = 3E5454492C4B004000AF0B58 /* Build configuration list for PBXNativeTarget "StarWarsMatchTests" */;
			buildPhases = (
				3E54542E2C4B004000AF0B58 /* Sources */,
				3E54542F2C4B004000AF0B58 /* Frameworks */,
				3E5454302C4B004000AF0B58 /* Resources */,
			);
			buildRules = (
			);
			dependencies = (
				3E5454342C4B004000AF0B58 /* PBXTargetDependency */,
			);
			name = StarWarsMatchTests;
			productName = StarWarsMatchTests;
			productReference = 3E5454322C4B004000AF0B58 /* StarWarsMatchTests.xctest */;
			productType = "com.apple.product-type.bundle.unit-test";
		};
		3E54543B2C4B004000AF0B58 /* StarWarsMatchUITests */ = {
			isa = PBXNativeTarget;
			buildConfigurationList = 3E54544C2C4B004000AF0B58 /* Build configuration list for PBXNativeTarget "StarWarsMatchUITests" */;
			buildPhases = (
				3E5454382C4B004000AF0B58 /* Sources */,
				3E5454392C4B004000AF0B58 /* Frameworks */,
				3E54543A2C4B004000AF0B58 /* Resources */,
			);
			buildRules = (
			);
			dependencies = (
				3E54543E2C4B004000AF0B58 /* PBXTargetDependency */,
			);
			name = StarWarsMatchUITests;
			productName = StarWarsMatchUITests;
			productReference = 3E54543C2C4B004000AF0B58 /* StarWarsMatchUITests.xctest */;
			productType = "com.apple.product-type.bundle.ui-testing";
		};
/* End PBXNativeTarget section */

/* Begin PBXProject section */
		3E54541A2C4B003F00AF0B58 /* Project object */ = {
			isa = PBXProject;
			attributes = {
				BuildIndependentTargetsInParallel = 1;
				LastSwiftUpdateCheck = 1540;
				LastUpgradeCheck = 1540;
				TargetAttributes = {
					3E5454212C4B003F00AF0B58 = {
						CreatedOnToolsVersion = 15.4;
					};
					3E5454312C4B004000AF0B58 = {
						CreatedOnToolsVersion = 15.4;
						TestTargetID = 3E5454212C4B003F00AF0B58;
					};
					3E54543B2C4B004000AF0B58 = {
						CreatedOnToolsVersion = 15.4;
						TestTargetID = 3E5454212C4B003F00AF0B58;
					};
				};
			};
			buildConfigurationList = 3E54541D2C4B003F00AF0B58 /* Build configuration list for PBXProject "StarWarsMatch" */;
			compatibilityVersion = "Xcode 14.0";
			developmentRegion = en;
			hasScannedForEncodings = 0;
			knownRegions = (
				en,
				Base,
			);
			mainGroup = 3E5454192C4B003F00AF0B58;
			productRefGroup = 3E5454232C4B003F00AF0B58 /* Products */;
			projectDirPath = "";
			projectRoot = "";
			targets = (
				3E5454212C4B003F00AF0B58 /* StarWarsMatch */,
				3E5454312C4B004000AF0B58 /* StarWarsMatchTests */,
				3E54543B2C4B004000AF0B58 /* StarWarsMatchUITests */,
			);
		};
/* End PBXProject section */

/* Begin PBXResourcesBuildPhase section */
		3E5454202C4B003F00AF0B58 /* Resources */ = {
			isa = PBXResourcesBuildPhase;
			buildActionMask = 2147483647;
			files = (
				3E54542D2C4B004000AF0B58 /* Preview Assets.xcassets in Resources */,
				3E54542A2C4B004000AF0B58 /* Assets.xcassets in Resources */,
			);
			runOnlyForDeploymentPostprocessing = 0;
		};
		3E5454302C4B004000AF0B58 /* Resources */ = {
			isa = PBXResourcesBuildPhase;
			buildActionMask = 2147483647;
			files = (
			);
			runOnlyForDeploymentPostprocessing = 0;
		};
		3E54543A2C4B004000AF0B58 /* Resources */ = {
			isa = PBXResourcesBuildPhase;
			buildActionMask = 2147483647;
			files = (
			);
			runOnlyForDeploymentPostprocessing = 0;
		};
/* End PBXResourcesBuildPhase section */

/* Begin PBXSourcesBuildPhase section */
		3E54541E2C4B003F00AF0B58 /* Sources */ = {
			isa = PBXSourcesBuildPhase;
			buildActionMask = 2147483647;
			files = (
				3E5454582C4BBF1600AF0B58 /* GameModel.swift in Sources */,
				3E5454562C4BB7C800AF0B58 /* GameViewModel.swift in Sources */,
				3E5454282C4B003F00AF0B58 /* ContentView.swift in Sources */,
				3E5454512C4BB73400AF0B58 /* Card.swift in Sources */,
				3E5454262C4B003F00AF0B58 /* StarWarsMatchApp.swift in Sources */,
			);
			runOnlyForDeploymentPostprocessing = 0;
		};
		3E54542E2C4B004000AF0B58 /* Sources */ = {
			isa = PBXSourcesBuildPhase;
			buildActionMask = 2147483647;
			files = (
				3E5454372C4B004000AF0B58 /* StarWarsMatchTests.swift in Sources */,
			);
			runOnlyForDeploymentPostprocessing = 0;
		};
		3E5454382C4B004000AF0B58 /* Sources */ = {
			isa = PBXSourcesBuildPhase;
			buildActionMask = 2147483647;
			files = (
				3E5454412C4B004000AF0B58 /* StarWarsMatchUITests.swift in Sources */,
				3E5454432C4B004000AF0B58 /* StarWarsMatchUITestsLaunchTests.swift in Sources */,
			);
			runOnlyForDeploymentPostprocessing = 0;
		};
/* End PBXSourcesBuildPhase section */

/* Begin PBXTargetDependency section */
		3E5454342C4B004000AF0B58 /* PBXTargetDependency */ = {
			isa = PBXTargetDependency;
			target = 3E5454212C4B003F00AF0B58 /* StarWarsMatch */;
			targetProxy = 3E5454332C4B004000AF0B58 /* PBXContainerItemProxy */;
		};
		3E54543E2C4B004000AF0B58 /* PBXTargetDependency */ = {
			isa = PBXTargetDependency;
			target = 3E5454212C4B003F00AF0B58 /* StarWarsMatch */;
			targetProxy = 3E54543D2C4B004000AF0B58 /* PBXContainerItemProxy */;
		};
/* End PBXTargetDependency section */

/* Begin XCBuildConfiguration section */
		3E5454442C4B004000AF0B58 /* Debug */ = {
			isa = XCBuildConfiguration;
			buildSettings = {
				ALWAYS_SEARCH_USER_PATHS = NO;
				ASSETCATALOG_COMPILER_GENERATE_SWIFT_ASSET_SYMBOL_EXTENSIONS = YES;
				CLANG_ANALYZER_NONNULL = YES;
				CLANG_ANALYZER_NUMBER_OBJECT_CONVERSION = YES_AGGRESSIVE;
				CLANG_CXX_LANGUAGE_STANDARD = "gnu++20";
				CLANG_ENABLE_MODULES = YES;
				CLANG_ENABLE_OBJC_ARC = YES;
				CLANG_ENABLE_OBJC_WEAK = YES;
				CLANG_WARN_BLOCK_CAPTURE_AUTORELEASING = YES;
				CLANG_WARN_BOOL_CONVERSION = YES;
				CLANG_WARN_COMMA = YES;
				CLANG_WARN_CONSTANT_CONVERSION = YES;
				CLANG_WARN_DEPRECATED_OBJC_IMPLEMENTATIONS = YES;
				CLANG_WARN_DIRECT_OBJC_ISA_USAGE = YES_ERROR;
				CLANG_WARN_DOCUMENTATION_COMMENTS = YES;
				CLANG_WARN_EMPTY_BODY = YES;
				CLANG_WARN_ENUM_CONVERSION = YES;
				CLANG_WARN_INFINITE_RECURSION = YES;
				CLANG_WARN_INT_CONVERSION = YES;
				CLANG_WARN_NON_LITERAL_NULL_CONVERSION = YES;
				CLANG_WARN_OBJC_IMPLICIT_RETAIN_SELF = YES;
				CLANG_WARN_OBJC_LITERAL_CONVERSION = YES;
				CLANG_WARN_OBJC_ROOT_CLASS = YES_ERROR;
				CLANG_WARN_QUOTED_INCLUDE_IN_FRAMEWORK_HEADER = YES;
				CLANG_WARN_RANGE_LOOP_ANALYSIS = YES;
				CLANG_WARN_STRICT_PROTOTYPES = YES;
				CLANG_WARN_SUSPICIOUS_MOVE = YES;
				CLANG_WARN_UNGUARDED_AVAILABILITY = YES_AGGRESSIVE;
				CLANG_WARN_UNREACHABLE_CODE = YES;
				CLANG_WARN__DUPLICATE_METHOD_MATCH = YES;
				COPY_PHASE_STRIP = NO;
				DEBUG_INFORMATION_FORMAT = dwarf;
				ENABLE_STRICT_OBJC_MSGSEND = YES;
				ENABLE_TESTABILITY = YES;
				ENABLE_USER_SCRIPT_SANDBOXING = YES;
				GCC_C_LANGUAGE_STANDARD = gnu17;
				GCC_DYNAMIC_NO_PIC = NO;
				GCC_NO_COMMON_BLOCKS = YES;
				GCC_OPTIMIZATION_LEVEL = 0;
				GCC_PREPROCESSOR_DEFINITIONS = (
					"DEBUG=1",
					"$(inherited)",
				);
				GCC_WARN_64_TO_32_BIT_CONVERSION = YES;
				GCC_WARN_ABOUT_RETURN_TYPE = YES_ERROR;
				GCC_WARN_UNDECLARED_SELECTOR = YES;
				GCC_WARN_UNINITIALIZED_AUTOS = YES_AGGRESSIVE;
				GCC_WARN_UNUSED_FUNCTION = YES;
				GCC_WARN_UNUSED_VARIABLE = YES;
				IPHONEOS_DEPLOYMENT_TARGET = 17.5;
				LOCALIZATION_PREFERS_STRING_CATALOGS = YES;
				MTL_ENABLE_DEBUG_INFO = INCLUDE_SOURCE;
				MTL_FAST_MATH = YES;
				ONLY_ACTIVE_ARCH = YES;
				SDKROOT = iphoneos;
				SWIFT_ACTIVE_COMPILATION_CONDITIONS = "DEBUG $(inherited)";
				SWIFT_OPTIMIZATION_LEVEL = "-Onone";
			};
			name = Debug;
		};
		3E5454452C4B004000AF0B58 /* Release */ = {
			isa = XCBuildConfiguration;
			buildSettings = {
				ALWAYS_SEARCH_USER_PATHS = NO;
				ASSETCATALOG_COMPILER_GENERATE_SWIFT_ASSET_SYMBOL_EXTENSIONS = YES;
				CLANG_ANALYZER_NONNULL = YES;
				CLANG_ANALYZER_NUMBER_OBJECT_CONVERSION = YES_AGGRESSIVE;
				CLANG_CXX_LANGUAGE_STANDARD = "gnu++20";
				CLANG_ENABLE_MODULES = YES;
				CLANG_ENABLE_OBJC_ARC = YES;
				CLANG_ENABLE_OBJC_WEAK = YES;
				CLANG_WARN_BLOCK_CAPTURE_AUTORELEASING = YES;
				CLANG_WARN_BOOL_CONVERSION = YES;
				CLANG_WARN_COMMA = YES;
				CLANG_WARN_CONSTANT_CONVERSION = YES;
				CLANG_WARN_DEPRECATED_OBJC_IMPLEMENTATIONS = YES;
				CLANG_WARN_DIRECT_OBJC_ISA_USAGE = YES_ERROR;
				CLANG_WARN_DOCUMENTATION_COMMENTS = YES;
				CLANG_WARN_EMPTY_BODY = YES;
				CLANG_WARN_ENUM_CONVERSION = YES;
				CLANG_WARN_INFINITE_RECURSION = YES;
				CLANG_WARN_INT_CONVERSION = YES;
				CLANG_WARN_NON_LITERAL_NULL_CONVERSION = YES;
				CLANG_WARN_OBJC_IMPLICIT_RETAIN_SELF = YES;
				CLANG_WARN_OBJC_LITERAL_CONVERSION = YES;
				CLANG_WARN_OBJC_ROOT_CLASS = YES_ERROR;
				CLANG_WARN_QUOTED_INCLUDE_IN_FRAMEWORK_HEADER = YES;
				CLANG_WARN_RANGE_LOOP_ANALYSIS = YES;
				CLANG_WARN_STRICT_PROTOTYPES = YES;
				CLANG_WARN_SUSPICIOUS_MOVE = YES;
				CLANG_WARN_UNGUARDED_AVAILABILITY = YES_AGGRESSIVE;
				CLANG_WARN_UNREACHABLE_CODE = YES;
				CLANG_WARN__DUPLICATE_METHOD_MATCH = YES;
				COPY_PHASE_STRIP = NO;
				DEBUG_INFORMATION_FORMAT = "dwarf-with-dsym";
				ENABLE_NS_ASSERTIONS = NO;
				ENABLE_STRICT_OBJC_MSGSEND = YES;
				ENABLE_USER_SCRIPT_SANDBOXING = YES;
				GCC_C_LANGUAGE_STANDARD = gnu17;
				GCC_NO_COMMON_BLOCKS = YES;
				GCC_WARN_64_TO_32_BIT_CONVERSION = YES;
				GCC_WARN_ABOUT_RETURN_TYPE = YES_ERROR;
				GCC_WARN_UNDECLARED_SELECTOR = YES;
				GCC_WARN_UNINITIALIZED_AUTOS = YES_AGGRESSIVE;
				GCC_WARN_UNUSED_FUNCTION = YES;
				GCC_WARN_UNUSED_VARIABLE = YES;
				IPHONEOS_DEPLOYMENT_TARGET = 17.5;
				LOCALIZATION_PREFERS_STRING_CATALOGS = YES;
				MTL_ENABLE_DEBUG_INFO = NO;
				MTL_FAST_MATH = YES;
				SDKROOT = iphoneos;
				SWIFT_COMPILATION_MODE = wholemodule;
				VALIDATE_PRODUCT = YES;
			};
			name = Release;
		};
		3E5454472C4B004000AF0B58 /* Debug */ = {
			isa = XCBuildConfiguration;
			buildSettings = {
				ASSETCATALOG_COMPILER_APPICON_NAME = AppIcon;
				ASSETCATALOG_COMPILER_GLOBAL_ACCENT_COLOR_NAME = AccentColor;
				CODE_SIGN_STYLE = Automatic;
				CURRENT_PROJECT_VERSION = 1;
				DEVELOPMENT_ASSET_PATHS = "\"StarWarsMatch/Preview Content\"";
				DEVELOPMENT_TEAM = 77C7P64W9X;
				ENABLE_PREVIEWS = YES;
				GENERATE_INFOPLIST_FILE = YES;
				INFOPLIST_KEY_UIApplicationSceneManifest_Generation = YES;
				INFOPLIST_KEY_UIApplicationSupportsIndirectInputEvents = YES;
				INFOPLIST_KEY_UILaunchScreen_Generation = YES;
				INFOPLIST_KEY_UISupportedInterfaceOrientations_iPad = "UIInterfaceOrientationPortrait UIInterfaceOrientationPortraitUpsideDown UIInterfaceOrientationLandscapeLeft UIInterfaceOrientationLandscapeRight";
				INFOPLIST_KEY_UISupportedInterfaceOrientations_iPhone = "UIInterfaceOrientationPortrait UIInterfaceOrientationLandscapeLeft UIInterfaceOrientationLandscapeRight";
				LD_RUNPATH_SEARCH_PATHS = (
					"$(inherited)",
					"@executable_path/Frameworks",
				);
				MARKETING_VERSION = 1.0;
				PRODUCT_BUNDLE_IDENTIFIER = com.fernandodiaz.StarWarsMatch;
				PRODUCT_NAME = "$(TARGET_NAME)";
				SWIFT_EMIT_LOC_STRINGS = YES;
				SWIFT_VERSION = 5.0;
				TARGETED_DEVICE_FAMILY = "1,2";
			};
			name = Debug;
		};
		3E5454482C4B004000AF0B58 /* Release */ = {
			isa = XCBuildConfiguration;
			buildSettings = {
				ASSETCATALOG_COMPILER_APPICON_NAME = AppIcon;
				ASSETCATALOG_COMPILER_GLOBAL_ACCENT_COLOR_NAME = AccentColor;
				CODE_SIGN_STYLE = Automatic;
				CURRENT_PROJECT_VERSION = 1;
				DEVELOPMENT_ASSET_PATHS = "\"StarWarsMatch/Preview Content\"";
				DEVELOPMENT_TEAM = 77C7P64W9X;
				ENABLE_PREVIEWS = YES;
				GENERATE_INFOPLIST_FILE = YES;
				INFOPLIST_KEY_UIApplicationSceneManifest_Generation = YES;
				INFOPLIST_KEY_UIApplicationSupportsIndirectInputEvents = YES;
				INFOPLIST_KEY_UILaunchScreen_Generation = YES;
				INFOPLIST_KEY_UISupportedInterfaceOrientations_iPad = "UIInterfaceOrientationPortrait UIInterfaceOrientationPortraitUpsideDown UIInterfaceOrientationLandscapeLeft UIInterfaceOrientationLandscapeRight";
				INFOPLIST_KEY_UISupportedInterfaceOrientations_iPhone = "UIInterfaceOrientationPortrait UIInterfaceOrientationLandscapeLeft UIInterfaceOrientationLandscapeRight";
				LD_RUNPATH_SEARCH_PATHS = (
					"$(inherited)",
					"@executable_path/Frameworks",
				);
				MARKETING_VERSION = 1.0;
				PRODUCT_BUNDLE_IDENTIFIER = com.fernandodiaz.StarWarsMatch;
				PRODUCT_NAME = "$(TARGET_NAME)";
				SWIFT_EMIT_LOC_STRINGS = YES;
				SWIFT_VERSION = 5.0;
				TARGETED_DEVICE_FAMILY = "1,2";
			};
			name = Release;
		};
		3E54544A2C4B004000AF0B58 /* Debug */ = {
			isa = XCBuildConfiguration;
			buildSettings = {
				ALWAYS_EMBED_SWIFT_STANDARD_LIBRARIES = YES;
				BUNDLE_LOADER = "$(TEST_HOST)";
				CODE_SIGN_STYLE = Automatic;
				CURRENT_PROJECT_VERSION = 1;
				DEVELOPMENT_TEAM = 77C7P64W9X;
				GENERATE_INFOPLIST_FILE = YES;
				IPHONEOS_DEPLOYMENT_TARGET = 17.5;
				MARKETING_VERSION = 1.0;
				PRODUCT_BUNDLE_IDENTIFIER = com.fernandodiaz.StarWarsMatchTests;
				PRODUCT_NAME = "$(TARGET_NAME)";
				SWIFT_EMIT_LOC_STRINGS = NO;
				SWIFT_VERSION = 5.0;
				TARGETED_DEVICE_FAMILY = "1,2";
				TEST_HOST = "$(BUILT_PRODUCTS_DIR)/StarWarsMatch.app/$(BUNDLE_EXECUTABLE_FOLDER_PATH)/StarWarsMatch";
			};
			name = Debug;
		};
		3E54544B2C4B004000AF0B58 /* Release */ = {
			isa = XCBuildConfiguration;
			buildSettings = {
				ALWAYS_EMBED_SWIFT_STANDARD_LIBRARIES = YES;
				BUNDLE_LOADER = "$(TEST_HOST)";
				CODE_SIGN_STYLE = Automatic;
				CURRENT_PROJECT_VERSION = 1;
				DEVELOPMENT_TEAM = 77C7P64W9X;
				GENERATE_INFOPLIST_FILE = YES;
				IPHONEOS_DEPLOYMENT_TARGET = 17.5;
				MARKETING_VERSION = 1.0;
				PRODUCT_BUNDLE_IDENTIFIER = com.fernandodiaz.StarWarsMatchTests;
				PRODUCT_NAME = "$(TARGET_NAME)";
				SWIFT_EMIT_LOC_STRINGS = NO;
				SWIFT_VERSION = 5.0;
				TARGETED_DEVICE_FAMILY = "1,2";
				TEST_HOST = "$(BUILT_PRODUCTS_DIR)/StarWarsMatch.app/$(BUNDLE_EXECUTABLE_FOLDER_PATH)/StarWarsMatch";
			};
			name = Release;
		};
		3E54544D2C4B004000AF0B58 /* Debug */ = {
			isa = XCBuildConfiguration;
			buildSettings = {
				ALWAYS_EMBED_SWIFT_STANDARD_LIBRARIES = YES;
				CODE_SIGN_STYLE = Automatic;
				CURRENT_PROJECT_VERSION = 1;
				DEVELOPMENT_TEAM = 77C7P64W9X;
				GENERATE_INFOPLIST_FILE = YES;
				MARKETING_VERSION = 1.0;
				PRODUCT_BUNDLE_IDENTIFIER = com.fernandodiaz.StarWarsMatchUITests;
				PRODUCT_NAME = "$(TARGET_NAME)";
				SWIFT_EMIT_LOC_STRINGS = NO;
				SWIFT_VERSION = 5.0;
				TARGETED_DEVICE_FAMILY = "1,2";
				TEST_TARGET_NAME = StarWarsMatch;
			};
			name = Debug;
		};
		3E54544E2C4B004000AF0B58 /* Release */ = {
			isa = XCBuildConfiguration;
			buildSettings = {
				ALWAYS_EMBED_SWIFT_STANDARD_LIBRARIES = YES;
				CODE_SIGN_STYLE = Automatic;
				CURRENT_PROJECT_VERSION = 1;
				DEVELOPMENT_TEAM = 77C7P64W9X;
				GENERATE_INFOPLIST_FILE = YES;
				MARKETING_VERSION = 1.0;
				PRODUCT_BUNDLE_IDENTIFIER = com.fernandodiaz.StarWarsMatchUITests;
				PRODUCT_NAME = "$(TARGET_NAME)";
				SWIFT_EMIT_LOC_STRINGS = NO;
				SWIFT_VERSION = 5.0;
				TARGETED_DEVICE_FAMILY = "1,2";
				TEST_TARGET_NAME = StarWarsMatch;
			};
			name = Release;
		};
/* End XCBuildConfiguration section */

/* Begin XCConfigurationList section */
		3E54541D2C4B003F00AF0B58 /* Build configuration list for PBXProject "StarWarsMatch" */ = {
			isa = XCConfigurationList;
			buildConfigurations = (
				3E5454442C4B004000AF0B58 /* Debug */,
				3E5454452C4B004000AF0B58 /* Release */,
			);
			defaultConfigurationIsVisible = 0;
			defaultConfigurationName = Release;
		};
		3E5454462C4B004000AF0B58 /* Build configuration list for PBXNativeTarget "StarWarsMatch" */ = {
			isa = XCConfigurationList;
			buildConfigurations = (
				3E5454472C4B004000AF0B58 /* Debug */,
				3E5454482C4B004000AF0B58 /* Release */,
			);
			defaultConfigurationIsVisible = 0;
			defaultConfigurationName = Release;
		};
		3E5454492C4B004000AF0B58 /* Build configuration list for PBXNativeTarget "StarWarsMatchTests" */ = {
			isa = XCConfigurationList;
			buildConfigurations = (
				3E54544A2C4B004000AF0B58 /* Debug */,
				3E54544B2C4B004000AF0B58 /* Release */,
			);
			defaultConfigurationIsVisible = 0;
			defaultConfigurationName = Release;
		};
		3E54544C2C4B004000AF0B58 /* Build configuration list for PBXNativeTarget "StarWarsMatchUITests" */ = {
			isa = XCConfigurationList;
			buildConfigurations = (
				3E54544D2C4B004000AF0B58 /* Debug */,
				3E54544E2C4B004000AF0B58 /* Release */,
			);
			defaultConfigurationIsVisible = 0;
			defaultConfigurationName = Release;
		};
/* End XCConfigurationList section */
	};
	rootObject = 3E54541A2C4B003F00AF0B58 /* Project object */;
}
